
Microsoft Visual Studio Solution File, Format Version 12.00
# Visual Studio Version 17
VisualStudioVersion = 17.4.33213.308
MinimumVisualStudioVersion = 10.0.40219.1
Project("{D2ABAB84-BF74-430A-B69E-9DC6D40DDA17}") = "DistrisysOLAP", "DistrisysOLAP.dwproj", "{892F0112-9279-493E-8103-386899BFA3BF}"
EndProject
Global
	GlobalSection(SolutionConfigurationPlatforms) = preSolution
		Development|Default = Development|Default
	EndGlobalSection
	GlobalSection(ProjectConfigurationPlatforms) = postSolution
		{892F0112-9279-493E-8103-386899BFA3BF}.Development|Default.ActiveCfg = Development
		{892F0112-9279-493E-8103-386899BFA3BF}.Development|Default.Build.0 = Development
		{892F0112-9279-493E-8103-386899BFA3BF}.Development|Default.Deploy.0 = Development
	EndGlobalSection
	GlobalSection(SolutionProperties) = preSolution
		HideSolutionNode = FALSE
	EndGlobalSection
	GlobalSection(ExtensibilityGlobals) = postSolution
		SolutionGuid = {A38198D2-3163-4DCA-BBCC-7550B52230EE}
	EndGlobalSection
EndGlobal
